// !$*UTF8*$!
{
	archiveVersion = 1;
	classes = {
	};
	objectVersion = 46;
	objects = {

/* Begin PBXBuildFile section */
		57D27D3819EAEF3C0026108D /* main.m in Sources */ = {isa = PBXBuildFile; fileRef = 57D27D3719EAEF3C0026108D /* main.m */; };
		57D27D3B19EAEF3C0026108D /* AppDelegate.m in Sources */ = {isa = PBXBuildFile; fileRef = 57D27D3A19EAEF3C0026108D /* AppDelegate.m */; };
		57D27D3E19EAEF3C0026108D /* ViewController.m in Sources */ = {isa = PBXBuildFile; fileRef = 57D27D3D19EAEF3C0026108D /* ViewController.m */; };
		57D27D4119EAEF3C0026108D /* Main.storyboard in Resources */ = {isa = PBXBuildFile; fileRef = 57D27D3F19EAEF3C0026108D /* Main.storyboard */; };
		57D27D4319EAEF3C0026108D /* Images.xcassets in Resources */ = {isa = PBXBuildFile; fileRef = 57D27D4219EAEF3C0026108D /* Images.xcassets */; };
		57D27D4619EAEF3C0026108D /* LaunchScreen.xib in Resources */ = {isa = PBXBuildFile; fileRef = 57D27D4419EAEF3C0026108D /* LaunchScreen.xib */; };
		57D27D5219EAEF3C0026108D /* Mobile_OneTests.m in Sources */ = {isa = PBXBuildFile; fileRef = 57D27D5119EAEF3C0026108D /* Mobile_OneTests.m */; };
/* End PBXBuildFile section */

/* Begin PBXContainerItemProxy section */
		57D27D4C19EAEF3C0026108D /* PBXContainerItemProxy */ = {
			isa = PBXContainerItemProxy;
			containerPortal = 57D27D2A19EAEF3C0026108D /* Project object */;
			proxyType = 1;
			remoteGlobalIDString = 57D27D3119EAEF3C0026108D;
			remoteInfo = "Mobile One";
		};
/* End PBXContainerItemProxy section */

/* Begin PBXFileReference section */
		57D27D3219EAEF3C0026108D /* Mobile One.app */ = {isa = PBXFileReference; explicitFileType = wrapper.application; includeInIndex = 0; path = "Mobile One.app"; sourceTree = BUILT_PRODUCTS_DIR; };
		57D27D3619EAEF3C0026108D /* Info.plist */ = {isa = PBXFileReference; lastKnownFileType = text.plist.xml; path = Info.plist; sourceTree = "<group>"; };
		57D27D3719EAEF3C0026108D /* main.m */ = {isa = PBXFileReference; lastKnownFileType = sourcecode.c.objc; path = main.m; sourceTree = "<group>"; };
		57D27D3919EAEF3C0026108D /* AppDelegate.h */ = {isa = PBXFileReference; lastKnownFileType = sourcecode.c.h; path = AppDelegate.h; sourceTree = "<group>"; };
		57D27D3A19EAEF3C0026108D /* AppDelegate.m */ = {isa = PBXFileReference; lastKnownFileType = sourcecode.c.objc; path = AppDelegate.m; sourceTree = "<group>"; };
		57D27D3C19EAEF3C0026108D /* ViewController.h */ = {isa = PBXFileReference; lastKnownFileType = sourcecode.c.h; path = ViewController.h; sourceTree = "<group>"; };
		57D27D3D19EAEF3C0026108D /* ViewController.m */ = {isa = PBXFileReference; lastKnownFileType = sourcecode.c.objc; path = ViewController.m; sourceTree = "<group>"; };
		57D27D4019EAEF3C0026108D /* Base */ = {isa = PBXFileReference; lastKnownFileType = file.storyboard; name = Base; path = Base.lproj/Main.storyboard; sourceTree = "<group>"; };
		57D27D4219EAEF3C0026108D /* Images.xcassets */ = {isa = PBXFileReference; lastKnownFileType = folder.assetcatalog; path = Images.xcassets; sourceTree = "<group>"; };
		57D27D4519EAEF3C0026108D /* Base */ = {isa = PBXFileReference; lastKnownFileType = file.xib; name = Base; path = Base.lproj/LaunchScreen.xib; sourceTree = "<group>"; };
		57D27D4B19EAEF3C0026108D /* Mobile OneTests.xctest */ = {isa = PBXFileReference; explicitFileType = wrapper.cfbundle; includeInIndex = 0; path = "Mobile OneTests.xctest"; sourceTree = BUILT_PRODUCTS_DIR; };
		57D27D5019EAEF3C0026108D /* Info.plist */ = {isa = PBXFileReference; lastKnownFileType = text.plist.xml; path = Info.plist; sourceTree = "<group>"; };
		57D27D5119EAEF3C0026108D /* Mobile_OneTests.m */ = {isa = PBXFileReference; lastKnownFileType = sourcecode.c.objc; path = Mobile_OneTests.m; sourceTree = "<group>"; };
/* End PBXFileReference section */

/* Begin PBXFrameworksBuildPhase section */
		57D27D2F19EAEF3C0026108D /* Frameworks */ = {
			isa = PBXFrameworksBuildPhase;
			buildActionMask = 2147483647;
			files = (
			);
			runOnlyForDeploymentPostprocessing = 0;
		};
		57D27D4819EAEF3C0026108D /* Frameworks */ = {
			isa = PBXFrameworksBuildPhase;
			buildActionMask = 2147483647;
			files = (
			);
			runOnlyForDeploymentPostprocessing = 0;
		};
/* End PBXFrameworksBuildPhase section */

/* Begin PBXGroup section */
		57D27D2919EAEF3C0026108D = {
			isa = PBXGroup;
			children = (
				57D27D3419EAEF3C0026108D /* Mobile One */,
				57D27D4E19EAEF3C0026108D /* Mobile OneTests */,
				57D27D3319EAEF3C0026108D /* Products */,
			);
			sourceTree = "<group>";
		};
		57D27D3319EAEF3C0026108D /* Products */ = {
			isa = PBXGroup;
			children = (
				57D27D3219EAEF3C0026108D /* Mobile One.app */,
				57D27D4B19EAEF3C0026108D /* Mobile OneTests.xctest */,
			);
			name = Products;
			sourceTree = "<group>";
		};
		57D27D3419EAEF3C0026108D /* Mobile One */ = {
			isa = PBXGroup;
			children = (
				57D27D3919EAEF3C0026108D /* AppDelegate.h */,
				57D27D3A19EAEF3C0026108D /* AppDelegate.m */,
				57D27D3C19EAEF3C0026108D /* ViewController.h */,
				57D27D3D19EAEF3C0026108D /* ViewController.m */,
				57D27D3F19EAEF3C0026108D /* Main.storyboard */,
				57D27D4219EAEF3C0026108D /* Images.xcassets */,
				57D27D4419EAEF3C0026108D /* LaunchScreen.xib */,
				57D27D3519EAEF3C0026108D /* Supporting Files */,
			);
			path = "Mobile One";
			sourceTree = "<group>";
		};
		57D27D3519EAEF3C0026108D /* Supporting Files */ = {
			isa = PBXGroup;
			children = (
				57D27D3619EAEF3C0026108D /* Info.plist */,
				57D27D3719EAEF3C0026108D /* main.m */,
			);
			name = "Supporting Files";
			sourceTree = "<group>";
		};
		57D27D4E19EAEF3C0026108D /* Mobile OneTests */ = {
			isa = PBXGroup;
			children = (
				57D27D5119EAEF3C0026108D /* Mobile_OneTests.m */,
				57D27D4F19EAEF3C0026108D /* Supporting Files */,
			);
			path = "Mobile OneTests";
			sourceTree = "<group>";
		};
		57D27D4F19EAEF3C0026108D /* Supporting Files */ = {
			isa = PBXGroup;
			children = (
				57D27D5019EAEF3C0026108D /* Info.plist */,
			);
			name = "Supporting Files";
			sourceTree = "<group>";
		};
/* End PBXGroup section */

/* Begin PBXNativeTarget section */
		57D27D3119EAEF3C0026108D /* Mobile One */ = {
			isa = PBXNativeTarget;
			buildConfigurationList = 57D27D5519EAEF3C0026108D /* Build configuration list for PBXNativeTarget "Mobile One" */;
			buildPhases = (
				57D27D2E19EAEF3C0026108D /* Sources */,
				57D27D2F19EAEF3C0026108D /* Frameworks */,
				57D27D3019EAEF3C0026108D /* Resources */,
			);
			buildRules = (
			);
			dependencies = (
			);
			name = "Mobile One";
			productName = "Mobile One";
			productReference = 57D27D3219EAEF3C0026108D /* Mobile One.app */;
			productType = "com.apple.product-type.application";
		};
		57D27D4A19EAEF3C0026108D /* Mobile OneTests */ = {
			isa = PBXNativeTarget;
			buildConfigurationList = 57D27D5819EAEF3C0026108D /* Build configuration list for PBXNativeTarget "Mobile OneTests" */;
			buildPhases = (
				57D27D4719EAEF3C0026108D /* Sources */,
				57D27D4819EAEF3C0026108D /* Frameworks */,
				57D27D4919EAEF3C0026108D /* Resources */,
			);
			buildRules = (
			);
			dependencies = (
				57D27D4D19EAEF3C0026108D /* PBXTargetDependency */,
			);
			name = "Mobile OneTests";
			productName = "Mobile OneTests";
			productReference = 57D27D4B19EAEF3C0026108D /* Mobile OneTests.xctest */;
			productType = "com.apple.product-type.bundle.unit-test";
		};
/* End PBXNativeTarget section */

/* Begin PBXProject section */
		57D27D2A19EAEF3C0026108D /* Project object */ = {
			isa = PBXProject;
			attributes = {
				LastUpgradeCheck = 0610;
				ORGANIZATIONNAME = "Red Van Workshop";
				TargetAttributes = {
					57D27D3119EAEF3C0026108D = {
						CreatedOnToolsVersion = 6.1;
					};
					57D27D4A19EAEF3C0026108D = {
						CreatedOnToolsVersion = 6.1;
						TestTargetID = 57D27D3119EAEF3C0026108D;
					};
				};
			};
			buildConfigurationList = 57D27D2D19EAEF3C0026108D /* Build configuration list for PBXProject "Mobile One" */;
			compatibilityVersion = "Xcode 3.2";
			developmentRegion = English;
			hasScannedForEncodings = 0;
			knownRegions = (
				en,
				Base,
			);
			mainGroup = 57D27D2919EAEF3C0026108D;
			productRefGroup = 57D27D3319EAEF3C0026108D /* Products */;
			projectDirPath = "";
			projectRoot = "";
			targets = (
				57D27D3119EAEF3C0026108D /* Mobile One */,
				57D27D4A19EAEF3C0026108D /* Mobile OneTests */,
			);
		};
/* End PBXProject section */

/* Begin PBXResourcesBuildPhase section */
		57D27D3019EAEF3C0026108D /* Resources */ = {
			isa = PBXResourcesBuildPhase;
			buildActionMask = 2147483647;
			files = (
				57D27D4119EAEF3C0026108D /* Main.storyboard in Resources */,
				57D27D4619EAEF3C0026108D /* LaunchScreen.xib in Resources */,
				57D27D4319EAEF3C0026108D /* Images.xcassets in Resources */,
			);
			runOnlyForDeploymentPostprocessing = 0;
		};
		57D27D4919EAEF3C0026108D /* Resources */ = {
			isa = PBXResourcesBuildPhase;
			buildActionMask = 2147483647;
			files = (
			);
			runOnlyForDeploymentPostprocessing = 0;
		};
/* End PBXResourcesBuildPhase section */

/* Begin PBXSourcesBuildPhase section */
		57D27D2E19EAEF3C0026108D /* Sources */ = {
			isa = PBXSourcesBuildPhase;
			buildActionMask = 2147483647;
			files = (
				57D27D3E19EAEF3C0026108D /* ViewController.m in Sources */,
				57D27D3B19EAEF3C0026108D /* AppDelegate.m in Sources */,
				57D27D3819EAEF3C0026108D /* main.m in Sources */,
			);
			runOnlyForDeploymentPostprocessing = 0;
		};
		57D27D4719EAEF3C0026108D /* Sources */ = {
			isa = PBXSourcesBuildPhase;
			buildActionMask = 2147483647;
			files = (
				57D27D5219EAEF3C0026108D /* Mobile_OneTests.m in Sources */,
			);
			runOnlyForDeploymentPostprocessing = 0;
		};
/* End PBXSourcesBuildPhase section */

/* Begin PBXTargetDependency section */
		57D27D4D19EAEF3C0026108D /* PBXTargetDependency */ = {
			isa = PBXTargetDependency;
			target = 57D27D3119EAEF3C0026108D /* Mobile One */;
			targetProxy = 57D27D4C19EAEF3C0026108D /* PBXContainerItemProxy */;
		};
/* End PBXTargetDependency section */

/* Begin PBXVariantGroup section */
		57D27D3F19EAEF3C0026108D /* Main.storyboard */ = {
			isa = PBXVariantGroup;
			children = (
				57D27D4019EAEF3C0026108D /* Base */,
			);
			name = Main.storyboard;
			sourceTree = "<group>";
		};
		57D27D4419EAEF3C0026108D /* LaunchScreen.xib */ = {
			isa = PBXVariantGroup;
			children = (
				57D27D4519EAEF3C0026108D /* Base */,
			);
			name = LaunchScreen.xib;
			sourceTree = "<group>";
		};
/* End PBXVariantGroup section */

/* Begin XCBuildConfiguration section */
		57D27D5319EAEF3C0026108D /* Debug */ = {
			isa = XCBuildConfiguration;
			buildSettings = {
				ALWAYS_SEARCH_USER_PATHS = NO;
				CLANG_CXX_LANGUAGE_STANDARD = "gnu++0x";
				CLANG_CXX_LIBRARY = "libc++";
				CLANG_ENABLE_MODULES = YES;
				CLANG_ENABLE_OBJC_ARC = YES;
				CLANG_WARN_BOOL_CONVERSION = YES;
				CLANG_WARN_CONSTANT_CONVERSION = YES;
				CLANG_WARN_DIRECT_OBJC_ISA_USAGE = YES_ERROR;
				CLANG_WARN_EMPTY_BODY = YES;
				CLANG_WARN_ENUM_CONVERSION = YES;
				CLANG_WARN_INT_CONVERSION = YES;
				CLANG_WARN_OBJC_ROOT_CLASS = YES_ERROR;
				CLANG_WARN_UNREACHABLE_CODE = YES;
				CLANG_WARN__DUPLICATE_METHOD_MATCH = YES;
				"CODE_SIGN_IDENTITY[sdk=iphoneos*]" = "iPhone Developer";
				COPY_PHASE_STRIP = NO;
				ENABLE_STRICT_OBJC_MSGSEND = YES;
				GCC_C_LANGUAGE_STANDARD = gnu99;
				GCC_DYNAMIC_NO_PIC = NO;
				GCC_OPTIMIZATION_LEVEL = 0;
				GCC_PREPROCESSOR_DEFINITIONS = (
					"DEBUG=1",
					"$(inherited)",
				);
				GCC_SYMBOLS_PRIVATE_EXTERN = NO;
				GCC_WARN_64_TO_32_BIT_CONVERSION = YES;
				GCC_WARN_ABOUT_RETURN_TYPE = YES_ERROR;
				GCC_WARN_UNDECLARED_SELECTOR = YES;
				GCC_WARN_UNINITIALIZED_AUTOS = YES_AGGRESSIVE;
				GCC_WARN_UNUSED_FUNCTION = YES;
				GCC_WARN_UNUSED_VARIABLE = YES;
				IPHONEOS_DEPLOYMENT_TARGET = 8.1;
				MTL_ENABLE_DEBUG_INFO = YES;
				ONLY_ACTIVE_ARCH = YES;
				SDKROOT = iphoneos;
			};
			name = Debug;
		};
		57D27D5419EAEF3C0026108D /* Release */ = {
			isa = XCBuildConfiguration;
			buildSettings = {
				ALWAYS_SEARCH_USER_PATHS = NO;
				CLANG_CXX_LANGUAGE_STANDARD = "gnu++0x";
				CLANG_CXX_LIBRARY = "libc++";
				CLANG_ENABLE_MODULES = YES;
				CLANG_ENABLE_OBJC_ARC = YES;
				CLANG_WARN_BOOL_CONVERSION = YES;
				CLANG_WARN_CONSTANT_CONVERSION = YES;
				CLANG_WARN_DIRECT_OBJC_ISA_USAGE = YES_ERROR;
				CLANG_WARN_EMPTY_BODY = YES;
				CLANG_WARN_ENUM_CONVERSION = YES;
				CLANG_WARN_INT_CONVERSION = YES;
				CLANG_WARN_OBJC_ROOT_CLASS = YES_ERROR;
				CLANG_WARN_UNREACHABLE_CODE = YES;
				CLANG_WARN__DUPLICATE_METHOD_MATCH = YES;
				"CODE_SIGN_IDENTITY[sdk=iphoneos*]" = "iPhone Developer";
				COPY_PHASE_STRIP = YES;
				ENABLE_NS_ASSERTIONS = NO;
				ENABLE_STRICT_OBJC_MSGSEND = YES;
				GCC_C_LANGUAGE_STANDARD = gnu99;
				GCC_WARN_64_TO_32_BIT_CONVERSION = YES;
				GCC_WARN_ABOUT_RETURN_TYPE = YES_ERROR;
				GCC_WARN_UNDECLARED_SELECTOR = YES;
				GCC_WARN_UNINITIALIZED_AUTOS = YES_AGGRESSIVE;
				GCC_WARN_UNUSED_FUNCTION = YES;
				GCC_WARN_UNUSED_VARIABLE = YES;
				IPHONEOS_DEPLOYMENT_TARGET = 8.1;
				MTL_ENABLE_DEBUG_INFO = NO;
				SDKROOT = iphoneos;
				VALIDATE_PRODUCT = YES;
			};
			name = Release;
		};
		57D27D5619EAEF3C0026108D /* Debug */ = {
			isa = XCBuildConfiguration;
			buildSettings = {
				ASSETCATALOG_COMPILER_APPICON_NAME = AppIcon;
				INFOPLIST_FILE = "Mobile One/Info.plist";
				LD_RUNPATH_SEARCH_PATHS = "$(inherited) @executable_path/Frameworks";
				PRODUCT_NAME = "$(TARGET_NAME)";
			};
			name = Debug;
		};
		57D27D5719EAEF3C0026108D /* Release */ = {
			isa = XCBuildConfiguration;
			buildSettings = {
				ASSETCATALOG_COMPILER_APPICON_NAME = AppIcon;
				INFOPLIST_FILE = "Mobile One/Info.plist";
				LD_RUNPATH_SEARCH_PATHS = "$(inherited) @executable_path/Frameworks";
				PRODUCT_NAME = "$(TARGET_NAME)";
			};
			name = Release;
		};
		57D27D5919EAEF3C0026108D /* Debug */ = {
			isa = XCBuildConfiguration;
			buildSettings = {
				BUNDLE_LOADER = "$(TEST_HOST)";
				FRAMEWORK_SEARCH_PATHS = (
					"$(SDKROOT)/Developer/Library/Frameworks",
					"$(inherited)",
				);
				GCC_PREPROCESSOR_DEFINITIONS = (
					"DEBUG=1",
					"$(inherited)",
				);
				INFOPLIST_FILE = "Mobile OneTests/Info.plist";
				LD_RUNPATH_SEARCH_PATHS = "$(inherited) @executable_path/Frameworks @loader_path/Frameworks";
				PRODUCT_NAME = "$(TARGET_NAME)";
				TEST_HOST = "$(BUILT_PRODUCTS_DIR)/Mobile One.app/Mobile One";
			};
			name = Debug;
		};
		57D27D5A19EAEF3C0026108D /* Release */ = {
			isa = XCBuildConfiguration;
			buildSettings = {
				BUNDLE_LOADER = "$(TEST_HOST)";
				FRAMEWORK_SEARCH_PATHS = (
					"$(SDKROOT)/Developer/Library/Frameworks",
					"$(inherited)",
				);
				INFOPLIST_FILE = "Mobile OneTests/Info.plist";
				LD_RUNPATH_SEARCH_PATHS = "$(inherited) @executable_path/Frameworks @loader_path/Frameworks";
				PRODUCT_NAME = "$(TARGET_NAME)";
				TEST_HOST = "$(BUILT_PRODUCTS_DIR)/Mobile One.app/Mobile One";
			};
			name = Release;
		};
/* End XCBuildConfiguration section */

/* Begin XCConfigurationList section */
		57D27D2D19EAEF3C0026108D /* Build configuration list for PBXProject "Mobile One" */ = {
			isa = XCConfigurationList;
			buildConfigurations = (
				57D27D5319EAEF3C0026108D /* Debug */,
				57D27D5419EAEF3C0026108D /* Release */,
			);
			defaultConfigurationIsVisible = 0;
			defaultConfigurationName = Release;
		};
		57D27D5519EAEF3C0026108D /* Build configuration list for PBXNativeTarget "Mobile One" */ = {
			isa = XCConfigurationList;
			buildConfigurations = (
				57D27D5619EAEF3C0026108D /* Debug */,
				57D27D5719EAEF3C0026108D /* Release */,
			);
			defaultConfigurationIsVisible = 0;
		};
		57D27D5819EAEF3C0026108D /* Build configuration list for PBXNativeTarget "Mobile OneTests" */ = {
			isa = XCConfigurationList;
			buildConfigurations = (
				57D27D5919EAEF3C0026108D /* Debug */,
				57D27D5A19EAEF3C0026108D /* Release */,
			);
			defaultConfigurationIsVisible = 0;
		};
/* End XCConfigurationList section */
	};
	rootObject = 57D27D2A19EAEF3C0026108D /* Project object */;
}
